{
  "name": "angelhack-sandbox",
  "version": "1.0.0",
  "lockfileVersion": 1,
  "requires": true,
  "dependencies": {
    "agora-rtc-sdk": {
      "version": "2.8.0",
      "resolved": "https://registry.npmjs.org/agora-rtc-sdk/-/agora-rtc-sdk-2.8.0.tgz",
      "integrity": "sha512-HvdnthhsYc+yc+RCjaVB7x4T1JT9DXQbAFf8pu7h8yIlUtfpl26oKduppZXe1NpPOk6r+0AWLfU3iq9RmTmpRA=="
    }
  }
}
